
Microsoft Visual Studio Solution File, Format Version 12.00
# Visual Studio Version 17
VisualStudioVersion = 17.0.31919.166
MinimumVisualStudioVersion = 10.0.40219.1
Project("{FAE04EC0-301F-11D3-BF4B-00C04F79EFBC}") = "FilmesLista", "FilmesLista.csproj", "{6B994BE3-DE8E-41BF-9797-6A78BA18DB1B}"
EndProject
Global
	GlobalSection(SolutionConfigurationPlatforms) = preSolution
		Debug|Any CPU = Debug|Any CPU
		Release|Any CPU = Release|Any CPU
	EndGlobalSection
	GlobalSection(ProjectConfigurationPlatforms) = postSolution
		{6B994BE3-DE8E-41BF-9797-6A78BA18DB1B}.Debug|Any CPU.ActiveCfg = Debug|Any CPU
		{6B994BE3-DE8E-41BF-9797-6A78BA18DB1B}.Debug|Any CPU.Build.0 = Debug|Any CPU
		{6B994BE3-DE8E-41BF-9797-6A78BA18DB1B}.Release|Any CPU.ActiveCfg = Release|Any CPU
		{6B994BE3-DE8E-41BF-9797-6A78BA18DB1B}.Release|Any CPU.Build.0 = Release|Any CPU
	EndGlobalSection
	GlobalSection(SolutionProperties) = preSolution
		HideSolutionNode = FALSE
	EndGlobalSection
	GlobalSection(ExtensibilityGlobals) = postSolution
		SolutionGuid = {B891841F-67EC-4F25-A9B1-1EC5B110ECDD}
	EndGlobalSection
EndGlobal
